<?xml version="1.0" encoding="utf-8"?>
<Project ToolsVersion="4.0" xmlns="http://schemas.microsoft.com/developer/msbuild/2003">
  <ItemGroup>
    <Filter Include="Resource Files">
      <UniqueIdentifier>{67DA6AB6-F800-4c08-8B7A-83BB121AAD01}</UniqueIdentifier>
      <Extensions>rc;ico;cur;bmp;dlg;rc2;rct;bin;rgs;gif;jpg;jpeg;jpe;resx;tiff;tif;png;wav;mfcribbon-ms</Extensions>
    </Filter>
    <Filter Include="RaptorEngine">
      <UniqueIdentifier>{756be6f8-52be-4603-862a-cb5afa741f45}</UniqueIdentifier>
    </Filter>
    <Filter Include="RaptorEngine\Core">
      <UniqueIdentifier>{0ffaee6a-c982-4b21-a8e7-46ff3a106499}</UniqueIdentifier>
    </Filter>
    <Filter Include="RaptorEngine\Rendering">
      <UniqueIdentifier>{7ebd2010-1ecf-4fd1-8431-cd4af4161b32}</UniqueIdentifier>
    </Filter>
    <Filter Include="RaptorEngine\Shaders">
      <UniqueIdentifier>{ac815ec5-6049-456a-9cb4-3af61a5266fc}</UniqueIdentifier>
    </Filter>
    <Filter Include="RaptorEngine\Utils">
      <UniqueIdentifier>{7eae3b7c-cb9e-4ef1-9ad5-863f0ce38c71}</UniqueIdentifier>
    </Filter>
    <Filter Include="RaptorEngine\Utils\math">
      <UniqueIdentifier>{fee6f565-da68-46e7-8beb-c634c0a933dd}</UniqueIdentifier>
    </Filter>
    <Filter Include="RaptorEngine\Shaders\ui">
      <UniqueIdentifier>{56c505d3-c626-443c-8961-a40109eff07d}</UniqueIdentifier>
    </Filter>
    <Filter Include="RaptorEngine\Physics">
      <UniqueIdentifier>{051400fe-975f-4fbb-b014-a25ec66287c8}</UniqueIdentifier>
    </Filter>
    <Filter Include="RaptorEngine\Physics\BoundingVolume">
      <UniqueIdentifier>{2d19d4de-82d4-4b38-92f5-380facf32f0d}</UniqueIdentifier>
    </Filter>
    <Filter Include="RaptorEngine\Physics\BoundingVolume\3d">
      <UniqueIdentifier>{d29220a6-f602-4bc7-8623-e1a6e8063e9e}</UniqueIdentifier>
    </Filter>
    <Filter Include="RaptorEngine\Physics\BoundingVolume\2d">
      <UniqueIdentifier>{eb930c64-07ec-4f37-aa2d-313b96ed25c0}</UniqueIdentifier>
    </Filter>
    <Filter Include="RaptorEngine\Display">
      <UniqueIdentifier>{a688b7b6-b785-4ef7-ad6f-a5408bd3e2b0}</UniqueIdentifier>
    </Filter>
    <Filter Include="RaptorEngine\Input">
      <UniqueIdentifier>{4a974b52-5fa7-4def-ab29-e61cf02aa5d4}</UniqueIdentifier>
    </Filter>
    <Filter Include="RaptorEngine\Input\Devices">
      <UniqueIdentifier>{58934e2a-7f52-4446-93d7-d4a59b320b69}</UniqueIdentifier>
    </Filter>
    <Filter Include="RaptorEngine\Utils\Patterns">
      <UniqueIdentifier>{45a8361a-6430-4b1b-aeb9-acbdbb096454}</UniqueIdentifier>
    </Filter>
    <Filter Include="RaptorEngine\Utils\Events">
      <UniqueIdentifier>{c50e901f-b074-41ea-9d95-8ffb845fe7f5}</UniqueIdentifier>
    </Filter>
    <Filter Include="TestGame">
      <UniqueIdentifier>{595d3933-d3e0-4d9c-9f6f-1f5b9c265140}</UniqueIdentifier>
    </Filter>
    <Filter Include="TestGame\core">
      <UniqueIdentifier>{9efd5e80-4132-427a-bee6-64712122f5ea}</UniqueIdentifier>
    </Filter>
    <Filter Include="TestGame\Objects">
      <UniqueIdentifier>{9aaa7dac-55f9-4826-85e0-be83e0e35c83}</UniqueIdentifier>
    </Filter>
    <Filter Include="TestGame\Objects\RenderObjects">
      <UniqueIdentifier>{059db9a8-5ddd-4840-a819-94c9fdd38b12}</UniqueIdentifier>
    </Filter>
    <Filter Include="RaptorEngine\Utils\Basics">
      <UniqueIdentifier>{75cc4891-b47f-4346-972e-55d24fd883f2}</UniqueIdentifier>
    </Filter>
    <Filter Include="RaptorEngine\Utils\Basics\objects">
      <UniqueIdentifier>{accd023b-3f80-436b-89d3-79734a37b6bc}</UniqueIdentifier>
    </Filter>
    <Filter Include="RaptorEngine\Utils\Basics\objects\box">
      <UniqueIdentifier>{f73e0bb1-5030-4ecf-91b1-965346007d60}</UniqueIdentifier>
    </Filter>
    <Filter Include="RaptorEngine\Utils\Basics\shader">
      <UniqueIdentifier>{9a5ee821-0fe9-4da4-9cdc-e0ad1f8836a2}</UniqueIdentifier>
    </Filter>
    <Filter Include="RaptorEngine\Utils\Basics\camera">
      <UniqueIdentifier>{fbcde00a-8b8c-43e1-96ed-6b84906ff5c1}</UniqueIdentifier>
    </Filter>
    <Filter Include="RaptorEngine\Utils\Basics\objects\plane">
      <UniqueIdentifier>{db62f4de-bcb9-49b6-92bb-fb39777abdf0}</UniqueIdentifier>
    </Filter>
    <Filter Include="TestGame\Settings">
      <UniqueIdentifier>{aa1ef332-f56d-4123-96bd-05f5c4229bff}</UniqueIdentifier>
    </Filter>
    <Filter Include="RaptorEngine\Editor">
      <UniqueIdentifier>{76fac752-06aa-4284-814a-50fe9bdc80c4}</UniqueIdentifier>
    </Filter>
    <Filter Include="RaptorEngine\Rendering\RenderObjects">
      <UniqueIdentifier>{009c1e60-b9f8-4454-8199-2458ecbdd7d9}</UniqueIdentifier>
    </Filter>
    <Filter Include="RaptorEngine\Core\UpdateObject">
      <UniqueIdentifier>{741fa552-e4cd-40d8-89aa-27c53c100f83}</UniqueIdentifier>
    </Filter>
    <Filter Include="RaptorEngine\Core\GameObject">
      <UniqueIdentifier>{50dfcecb-0660-4690-9c53-68f9a1045eef}</UniqueIdentifier>
    </Filter>
    <Filter Include="RaptorEngine\Core\ObjectManagement">
      <UniqueIdentifier>{00daf0aa-8c09-40d1-bb70-eea1bdd6cfc1}</UniqueIdentifier>
    </Filter>
    <Filter Include="RaptorEngine\Input\Helper">
      <UniqueIdentifier>{e3d83a17-4a8c-4dea-a8a4-418d92e8d2c2}</UniqueIdentifier>
    </Filter>
    <Filter Include="RaptorEngine\Utils\Basics\objects\billboard_sphere">
      <UniqueIdentifier>{d7ac120d-ed48-46bf-ab3e-9724098fc79d}</UniqueIdentifier>
    </Filter>
    <Filter Include="RaptorEngine\Utils\Basics\objects\defaults">
      <UniqueIdentifier>{9a11719b-7bae-4f86-9caa-6604f3591177}</UniqueIdentifier>
    </Filter>
  </ItemGroup>
  <ItemGroup>
    <ClCompile Include="graphics_system.cpp">
      <Filter>RaptorEngine\Rendering</Filter>
    </ClCompile>
    <ClCompile Include="render_object_manager.cpp">
      <Filter>RaptorEngine\Rendering</Filter>
    </ClCompile>
    <ClCompile Include="shader_manager.cpp">
      <Filter>RaptorEngine\Rendering</Filter>
    </ClCompile>
    <ClCompile Include="keyboard.cpp">
      <Filter>RaptorEngine\Input\Devices</Filter>
    </ClCompile>
    <ClCompile Include="mouse.cpp">
      <Filter>RaptorEngine\Input\Devices</Filter>
    </ClCompile>
    <ClCompile Include="physics_object_manager.cpp">
      <Filter>RaptorEngine\Physics</Filter>
    </ClCompile>
    <ClCompile Include="physics_system.cpp">
      <Filter>RaptorEngine\Physics</Filter>
    </ClCompile>
    <ClCompile Include="bounding_volume_hierarchy.cpp">
      <Filter>RaptorEngine\Physics</Filter>
    </ClCompile>
    <ClCompile Include="aabb.cpp">
      <Filter>RaptorEngine\Physics\BoundingVolume\3d</Filter>
    </ClCompile>
    <ClCompile Include="enginge.cpp">
      <Filter>RaptorEngine\Core</Filter>
    </ClCompile>
    <ClCompile Include="display_system.cpp">
      <Filter>RaptorEngine\Display</Filter>
    </ClCompile>
    <ClCompile Include="input_system.cpp">
      <Filter>RaptorEngine\Input</Filter>
    </ClCompile>
    <ClCompile Include="camera_object.cpp">
      <Filter>RaptorEngine\Display</Filter>
    </ClCompile>
    <ClCompile Include="camera_manager.cpp">
      <Filter>RaptorEngine\Display</Filter>
    </ClCompile>
    <ClCompile Include="TestProject\main.cpp">
      <Filter>TestGame\core</Filter>
    </ClCompile>
    <ClCompile Include="Box.cpp">
      <Filter>RaptorEngine\Utils\Basics\objects\box</Filter>
    </ClCompile>
    <ClCompile Include="TestProject\test_game.cpp">
      <Filter>TestGame\core</Filter>
    </ClCompile>
    <ClCompile Include="default_camera.cpp">
      <Filter>RaptorEngine\Utils\Basics\camera</Filter>
    </ClCompile>
    <ClCompile Include="plane_view.cpp">
      <Filter>RaptorEngine\Utils\Basics\objects\plane</Filter>
    </ClCompile>
    <ClCompile Include="matrices_helpers.cpp">
      <Filter>RaptorEngine\Utils\math</Filter>
    </ClCompile>
    <ClCompile Include="box_view.cpp">
      <Filter>RaptorEngine\Utils\Basics\objects\box</Filter>
    </ClCompile>
    <ClCompile Include="box_model.cpp">
      <Filter>RaptorEngine\Utils\Basics\objects\box</Filter>
    </ClCompile>
    <ClCompile Include="TestProject\settings.cpp">
      <Filter>TestGame\Settings</Filter>
    </ClCompile>
    <ClCompile Include="UI.cpp">
      <Filter>RaptorEngine\Rendering\RenderObjects</Filter>
    </ClCompile>
    <ClCompile Include="default_editor.cpp">
      <Filter>RaptorEngine\Editor</Filter>
    </ClCompile>
    <ClCompile Include="update_object_manager.cpp">
      <Filter>RaptorEngine\Core\UpdateObject</Filter>
    </ClCompile>
    <ClCompile Include="model.cpp">
      <Filter>RaptorEngine\Core\GameObject</Filter>
    </ClCompile>
    <ClCompile Include="editor_component.cpp">
      <Filter>RaptorEngine\Editor</Filter>
    </ClCompile>
    <ClCompile Include="Editor.cpp">
      <Filter>RaptorEngine\Editor</Filter>
    </ClCompile>
    <ClCompile Include="billboard_sphere_view.cpp">
      <Filter>RaptorEngine\Utils\Basics\objects\billboard_sphere</Filter>
    </ClCompile>
    <ClCompile Include="billboard_sphere.cpp">
      <Filter>RaptorEngine\Utils\Basics\objects\billboard_sphere</Filter>
    </ClCompile>
    <ClCompile Include="billboard_sphere_model.cpp">
      <Filter>RaptorEngine\Utils\Basics\objects\billboard_sphere</Filter>
    </ClCompile>
    <ClCompile Include="default_game_object.cpp">
      <Filter>RaptorEngine\Utils\Basics\objects\defaults</Filter>
    </ClCompile>
  </ItemGroup>
  <ItemGroup>
    <ClInclude Include="graphics_system.h">
      <Filter>RaptorEngine\Rendering</Filter>
    </ClInclude>
    <ClInclude Include="render_object.h">
      <Filter>RaptorEngine\Rendering</Filter>
    </ClInclude>
    <ClInclude Include="render_object_manager.h">
      <Filter>RaptorEngine\Rendering</Filter>
    </ClInclude>
    <ClInclude Include="shader_manager.h">
      <Filter>RaptorEngine\Rendering</Filter>
    </ClInclude>
    <ClInclude Include="keyboard.h">
      <Filter>RaptorEngine\Input\Devices</Filter>
    </ClInclude>
    <ClInclude Include="mouse.h">
      <Filter>RaptorEngine\Input\Devices</Filter>
    </ClInclude>
    <ClInclude Include="physics_system.h">
      <Filter>RaptorEngine\Physics</Filter>
    </ClInclude>
    <ClInclude Include="physics_object.h">
      <Filter>RaptorEngine\Physics</Filter>
    </ClInclude>
    <ClInclude Include="physics_object_manager.h">
      <Filter>RaptorEngine\Physics</Filter>
    </ClInclude>
    <ClInclude Include="bounding_volume_hierarchy.h">
      <Filter>RaptorEngine\Physics</Filter>
    </ClInclude>
    <ClInclude Include="bounding_volume.h">
      <Filter>RaptorEngine\Physics</Filter>
    </ClInclude>
    <ClInclude Include="aabb.h">
      <Filter>RaptorEngine\Physics\BoundingVolume\3d</Filter>
    </ClInclude>
    <ClInclude Include="display_system.h">
      <Filter>RaptorEngine\Display</Filter>
    </ClInclude>
    <ClInclude Include="input_system.h">
      <Filter>RaptorEngine\Input</Filter>
    </ClInclude>
    <ClInclude Include="engine.h">
      <Filter>RaptorEngine\Core</Filter>
    </ClInclude>
    <ClInclude Include="camera_object.h">
      <Filter>RaptorEngine\Display</Filter>
    </ClInclude>
    <ClInclude Include="factory.h">
      <Filter>RaptorEngine\Utils\Patterns</Filter>
    </ClInclude>
    <ClInclude Include="camera_manager.h">
      <Filter>RaptorEngine\Display</Filter>
    </ClInclude>
    <ClInclude Include="event.h">
      <Filter>RaptorEngine\Utils\Events</Filter>
    </ClInclude>
    <ClInclude Include="event_base.h">
      <Filter>RaptorEngine\Utils\Events</Filter>
    </ClInclude>
    <ClInclude Include="slot_base.h">
      <Filter>RaptorEngine\Utils\Events</Filter>
    </ClInclude>
    <ClInclude Include="object_manager.h">
      <Filter>RaptorEngine\Core\ObjectManagement</Filter>
    </ClInclude>
    <ClInclude Include="Box.h">
      <Filter>RaptorEngine\Utils\Basics\objects\box</Filter>
    </ClInclude>
    <ClInclude Include="TestProject\test_game.h">
      <Filter>TestGame\core</Filter>
    </ClInclude>
    <ClInclude Include="default_camera.h">
      <Filter>RaptorEngine\Utils\Basics\camera</Filter>
    </ClInclude>
    <ClInclude Include="plane_view.h">
      <Filter>RaptorEngine\Utils\Basics\objects\plane</Filter>
    </ClInclude>
    <ClInclude Include="matrices_helpers.h">
      <Filter>RaptorEngine\Utils\math</Filter>
    </ClInclude>
    <ClInclude Include="box_view.h">
      <Filter>RaptorEngine\Utils\Basics\objects\box</Filter>
    </ClInclude>
    <ClInclude Include="box_model.h">
      <Filter>RaptorEngine\Utils\Basics\objects\box</Filter>
    </ClInclude>
    <ClInclude Include="event_interface.h">
      <Filter>RaptorEngine\Utils\Events</Filter>
    </ClInclude>
    <ClInclude Include="non_copyable.h">
      <Filter>RaptorEngine\Utils\Patterns</Filter>
    </ClInclude>
    <ClInclude Include="TestProject\settings.h">
      <Filter>TestGame\Settings</Filter>
    </ClInclude>
    <ClInclude Include="UI.h">
      <Filter>RaptorEngine\Rendering\RenderObjects</Filter>
    </ClInclude>
    <ClInclude Include="default_editor.h">
      <Filter>RaptorEngine\Editor</Filter>
    </ClInclude>
    <ClInclude Include="editor.h">
      <Filter>RaptorEngine\Editor</Filter>
    </ClInclude>
    <ClInclude Include="slot.h">
      <Filter>RaptorEngine\Utils\Events</Filter>
    </ClInclude>
    <ClInclude Include="editor_component.h">
      <Filter>RaptorEngine\Editor</Filter>
    </ClInclude>
    <ClInclude Include="update_object.h">
      <Filter>RaptorEngine\Core\UpdateObject</Filter>
    </ClInclude>
    <ClInclude Include="update_object_manager.h">
      <Filter>RaptorEngine\Core\UpdateObject</Filter>
    </ClInclude>
    <ClInclude Include="model.h">
      <Filter>RaptorEngine\Core\GameObject</Filter>
    </ClInclude>
    <ClInclude Include="ModelArgs.h">
      <Filter>RaptorEngine\Utils\Basics\objects\box</Filter>
    </ClInclude>
    <ClInclude Include="observer.h">
      <Filter>RaptorEngine\Utils\Events</Filter>
    </ClInclude>
    <ClInclude Include="button.h">
      <Filter>RaptorEngine\Input\Helper</Filter>
    </ClInclude>
    <ClInclude Include="billboard_sphere.h">
      <Filter>RaptorEngine\Utils\Basics\objects\billboard_sphere</Filter>
    </ClInclude>
    <ClInclude Include="billboard_sphere_view.h">
      <Filter>RaptorEngine\Utils\Basics\objects\billboard_sphere</Filter>
    </ClInclude>
    <ClInclude Include="billboard_sphere_model.h">
      <Filter>RaptorEngine\Utils\Basics\objects\billboard_sphere</Filter>
    </ClInclude>
    <ClInclude Include="default_game_object.h">
      <Filter>RaptorEngine\Utils\Basics\objects\defaults</Filter>
    </ClInclude>
  </ItemGroup>
  <ItemGroup>
    <None Include="ClassDiagram.cd" />
    <None Include="drag_ui.frag">
      <Filter>RaptorEngine\Shaders\ui</Filter>
    </None>
    <None Include="drag_ui.vert">
      <Filter>RaptorEngine\Shaders\ui</Filter>
    </None>
    <None Include="physics_object_manager.inl">
      <Filter>RaptorEngine\Physics</Filter>
    </None>
    <None Include="engine.inl">
      <Filter>RaptorEngine\Core</Filter>
    </None>
    <None Include="factory.inl">
      <Filter>RaptorEngine\Utils\Patterns</Filter>
    </None>
    <None Include="event_base.inl">
      <Filter>RaptorEngine\Utils\Events</Filter>
    </None>
    <None Include="object_manager.inl">
      <Filter>RaptorEngine\Core\ObjectManagement</Filter>
    </None>
    <None Include="event.inl">
      <Filter>RaptorEngine\Utils\Events</Filter>
    </None>
    <None Include="default_shader.vert">
      <Filter>RaptorEngine\Utils\Basics\shader</Filter>
    </None>
    <None Include="default_shader.frag">
      <Filter>RaptorEngine\Utils\Basics\shader</Filter>
    </None>
    <None Include="event_interface.inl">
      <Filter>RaptorEngine\Utils\Events</Filter>
    </None>
    <None Include="slot.inl">
      <Filter>RaptorEngine\Utils\Events</Filter>
    </None>
    <None Include="observer.inl">
      <Filter>RaptorEngine\Utils\Events</Filter>
    </None>
    <None Include="billboard_sphere.frag">
      <Filter>RaptorEngine\Utils\Basics\shader</Filter>
    </None>
    <None Include="billboard_sphere.vert">
      <Filter>RaptorEngine\Utils\Basics\shader</Filter>
    </None>
  </ItemGroup>
</Project>